// !$*UTF8*$!
{
	archiveVersion = 1;
	classes = {
	};
	objectVersion = 46;
	objects = {

/* Begin PBXBuildFile section */
		37E9797E142E1ED200A177A6 /* help.icns in Resources */ = {isa = PBXBuildFile; fileRef = 37E9797C142E1ED200A177A6 /* help.icns */; };
		37E9797F142E1ED200A177A6 /* help.png in Resources */ = {isa = PBXBuildFile; fileRef = 37E9797D142E1ED200A177A6 /* help.png */; };
		37FA051D142784850010025C /* Cocoa.framework in Frameworks */ = {isa = PBXBuildFile; fileRef = 37FA051C142784850010025C /* Cocoa.framework */; };
		37FA051F142784850010025C /* MacRuby.framework in Frameworks */ = {isa = PBXBuildFile; fileRef = 37FA051E142784850010025C /* MacRuby.framework */; };
		37FA0526142784850010025C /* InfoPlist.strings in Resources */ = {isa = PBXBuildFile; fileRef = 37FA0524142784850010025C /* InfoPlist.strings */; };
		37FA0529142784850010025C /* main.m in Sources */ = {isa = PBXBuildFile; fileRef = 37FA0528142784850010025C /* main.m */; };
		37FA052D142784860010025C /* MainMenu.xib in Resources */ = {isa = PBXBuildFile; fileRef = 37FA052B142784860010025C /* MainMenu.xib */; };
		37FA0530142784860010025C /* rb_main.rb in Resources */ = {isa = PBXBuildFile; fileRef = 37FA052F142784860010025C /* rb_main.rb */; };
		37FA0532142784860010025C /* AppDelegate.rb in Resources */ = {isa = PBXBuildFile; fileRef = 37FA0531142784860010025C /* AppDelegate.rb */; };
/* End PBXBuildFile section */

/* Begin PBXFileReference section */
		37E9797C142E1ED200A177A6 /* help.icns */ = {isa = PBXFileReference; lastKnownFileType = image.icns; path = help.icns; sourceTree = "<group>"; };
		37E9797D142E1ED200A177A6 /* help.png */ = {isa = PBXFileReference; lastKnownFileType = image.png; path = help.png; sourceTree = "<group>"; };
		37FA0518142784850010025C /* Footprints Statusbar.app */ = {isa = PBXFileReference; explicitFileType = wrapper.application; includeInIndex = 0; path = "Footprints Statusbar.app"; sourceTree = BUILT_PRODUCTS_DIR; };
		37FA051C142784850010025C /* Cocoa.framework */ = {isa = PBXFileReference; lastKnownFileType = wrapper.framework; name = Cocoa.framework; path = System/Library/Frameworks/Cocoa.framework; sourceTree = SDKROOT; };
		37FA051E142784850010025C /* MacRuby.framework */ = {isa = PBXFileReference; lastKnownFileType = wrapper.framework; name = MacRuby.framework; path = System/Library/Frameworks/MacRuby.framework; sourceTree = SDKROOT; };
		37FA0523142784850010025C /* Footprints Statusbar-Info.plist */ = {isa = PBXFileReference; lastKnownFileType = text.plist.xml; path = "Footprints Statusbar-Info.plist"; sourceTree = "<group>"; };
		37FA0525142784850010025C /* en */ = {isa = PBXFileReference; lastKnownFileType = text.plist.strings; name = en; path = en.lproj/InfoPlist.strings; sourceTree = "<group>"; };
		37FA0527142784850010025C /* Footprints Statusbar-Prefix.pch */ = {isa = PBXFileReference; lastKnownFileType = sourcecode.c.h; path = "Footprints Statusbar-Prefix.pch"; sourceTree = "<group>"; };
		37FA0528142784850010025C /* main.m */ = {isa = PBXFileReference; lastKnownFileType = sourcecode.c.objc; path = main.m; sourceTree = "<group>"; };
		37FA052C142784860010025C /* en */ = {isa = PBXFileReference; lastKnownFileType = file.xib; name = en; path = en.lproj/MainMenu.xib; sourceTree = "<group>"; };
		37FA052F142784860010025C /* rb_main.rb */ = {isa = PBXFileReference; lastKnownFileType = text.script.ruby; path = rb_main.rb; sourceTree = "<group>"; };
		37FA0531142784860010025C /* AppDelegate.rb */ = {isa = PBXFileReference; lastKnownFileType = text.script.ruby; path = AppDelegate.rb; sourceTree = "<group>"; };
/* End PBXFileReference section */

/* Begin PBXFrameworksBuildPhase section */
		37FA0515142784850010025C /* Frameworks */ = {
			isa = PBXFrameworksBuildPhase;
			buildActionMask = 2147483647;
			files = (
				37FA051D142784850010025C /* Cocoa.framework in Frameworks */,
				37FA051F142784850010025C /* MacRuby.framework in Frameworks */,
			);
			runOnlyForDeploymentPostprocessing = 0;
		};
/* End PBXFrameworksBuildPhase section */

/* Begin PBXGroup section */
		37FA050D142784850010025C = {
			isa = PBXGroup;
			children = (
				37FA0521142784850010025C /* Footprints Statusbar */,
				37FA051B142784850010025C /* Frameworks */,
				37FA0519142784850010025C /* Products */,
			);
			sourceTree = "<group>";
		};
		37FA0519142784850010025C /* Products */ = {
			isa = PBXGroup;
			children = (
				37FA0518142784850010025C /* Footprints Statusbar.app */,
			);
			name = Products;
			sourceTree = "<group>";
		};
		37FA051B142784850010025C /* Frameworks */ = {
			isa = PBXGroup;
			children = (
				37FA051C142784850010025C /* Cocoa.framework */,
				37FA051E142784850010025C /* MacRuby.framework */,
			);
			name = Frameworks;
			sourceTree = "<group>";
		};
		37FA0521142784850010025C /* Footprints Statusbar */ = {
			isa = PBXGroup;
			children = (
				37FA0531142784860010025C /* AppDelegate.rb */,
				37FA052A142784860010025C /* Resources */,
				37FA052E142784860010025C /* Other Sources */,
				37FA0522142784850010025C /* Supporting Files */,
			);
			path = "Footprints Statusbar";
			sourceTree = "<group>";
		};
		37FA0522142784850010025C /* Supporting Files */ = {
			isa = PBXGroup;
			children = (
				37FA0523142784850010025C /* Footprints Statusbar-Info.plist */,
				37FA0524142784850010025C /* InfoPlist.strings */,
				37FA0527142784850010025C /* Footprints Statusbar-Prefix.pch */,
				37FA0528142784850010025C /* main.m */,
			);
			name = "Supporting Files";
			sourceTree = "<group>";
		};
		37FA052A142784860010025C /* Resources */ = {
			isa = PBXGroup;
			children = (
				37E9797C142E1ED200A177A6 /* help.icns */,
				37E9797D142E1ED200A177A6 /* help.png */,
				37FA052B142784860010025C /* MainMenu.xib */,
			);
			name = Resources;
			sourceTree = "<group>";
		};
		37FA052E142784860010025C /* Other Sources */ = {
			isa = PBXGroup;
			children = (
				37FA052F142784860010025C /* rb_main.rb */,
			);
			name = "Other Sources";
			sourceTree = "<group>";
		};
/* End PBXGroup section */

/* Begin PBXLegacyTarget section */
		37FA0520142784850010025C /* Deployment */ = {
			isa = PBXLegacyTarget;
			buildArgumentsString = "--compile --embed";
			buildConfigurationList = 37FA0538142784860010025C /* Build configuration list for PBXLegacyTarget "Deployment" */;
			buildPhases = (
			);
			buildToolPath = /usr/local/bin/macruby_deploy;
			dependencies = (
			);
			name = Deployment;
			passBuildSettingsInEnvironment = 1;
			productName = Deployment;
		};
/* End PBXLegacyTarget section */

/* Begin PBXNativeTarget section */
		37FA0517142784850010025C /* Footprints Statusbar */ = {
			isa = PBXNativeTarget;
			buildConfigurationList = 37FA0535142784860010025C /* Build configuration list for PBXNativeTarget "Footprints Statusbar" */;
			buildPhases = (
				37FA0514142784850010025C /* Sources */,
				37FA0515142784850010025C /* Frameworks */,
				37FA0516142784850010025C /* Resources */,
			);
			buildRules = (
			);
			dependencies = (
			);
			name = "Footprints Statusbar";
			productName = "Footprints Statusbar";
			productReference = 37FA0518142784850010025C /* Footprints Statusbar.app */;
			productType = "com.apple.product-type.application";
		};
/* End PBXNativeTarget section */

/* Begin PBXProject section */
		37FA050F142784850010025C /* Project object */ = {
			isa = PBXProject;
			attributes = {
				LastUpgradeCheck = 0700;
			};
			buildConfigurationList = 37FA0512142784850010025C /* Build configuration list for PBXProject "Footprints Statusbar" */;
			compatibilityVersion = "Xcode 3.2";
			developmentRegion = English;
			hasScannedForEncodings = 0;
			knownRegions = (
				en,
			);
			mainGroup = 37FA050D142784850010025C;
			productRefGroup = 37FA0519142784850010025C /* Products */;
			projectDirPath = "";
			projectRoot = "";
			targets = (
				37FA0517142784850010025C /* Footprints Statusbar */,
				37FA0520142784850010025C /* Deployment */,
			);
		};
/* End PBXProject section */

/* Begin PBXResourcesBuildPhase section */
		37FA0516142784850010025C /* Resources */ = {
			isa = PBXResourcesBuildPhase;
			buildActionMask = 2147483647;
			files = (
				37FA0526142784850010025C /* InfoPlist.strings in Resources */,
				37FA052D142784860010025C /* MainMenu.xib in Resources */,
				37FA0530142784860010025C /* rb_main.rb in Resources */,
				37FA0532142784860010025C /* AppDelegate.rb in Resources */,
				37E9797E142E1ED200A177A6 /* help.icns in Resources */,
				37E9797F142E1ED200A177A6 /* help.png in Resources */,
			);
			runOnlyForDeploymentPostprocessing = 0;
		};
/* End PBXResourcesBuildPhase section */

/* Begin PBXSourcesBuildPhase section */
		37FA0514142784850010025C /* Sources */ = {
			isa = PBXSourcesBuildPhase;
			buildActionMask = 2147483647;
			files = (
				37FA0529142784850010025C /* main.m in Sources */,
			);
			runOnlyForDeploymentPostprocessing = 0;
		};
/* End PBXSourcesBuildPhase section */

/* Begin PBXVariantGroup section */
		37FA0524142784850010025C /* InfoPlist.strings */ = {
			isa = PBXVariantGroup;
			children = (
				37FA0525142784850010025C /* en */,
			);
			name = InfoPlist.strings;
			sourceTree = "<group>";
		};
		37FA052B142784860010025C /* MainMenu.xib */ = {
			isa = PBXVariantGroup;
			children = (
				37FA052C142784860010025C /* en */,
			);
			name = MainMenu.xib;
			sourceTree = "<group>";
		};
/* End PBXVariantGroup section */

/* Begin XCBuildConfiguration section */
		37FA0533142784860010025C /* Debug */ = {
			isa = XCBuildConfiguration;
			buildSettings = {
				ARCHS = "$(ARCHS_STANDARD_64_BIT)";
				GCC_C_LANGUAGE_STANDARD = gnu99;
				GCC_OPTIMIZATION_LEVEL = 0;
				GCC_PREPROCESSOR_DEFINITIONS = DEBUG;
				GCC_SYMBOLS_PRIVATE_EXTERN = NO;
				GCC_VERSION = com.apple.compilers.llvm.clang.1_0;
				GCC_WARN_64_TO_32_BIT_CONVERSION = YES;
				GCC_WARN_ABOUT_RETURN_TYPE = YES;
				GCC_WARN_UNUSED_VARIABLE = YES;
				MACOSX_DEPLOYMENT_TARGET = 10.6;
				ONLY_ACTIVE_ARCH = YES;
				SDKROOT = macosx;
			};
			name = Debug;
		};
		37FA0534142784860010025C /* Release */ = {
			isa = XCBuildConfiguration;
			buildSettings = {
				ARCHS = "$(ARCHS_STANDARD_64_BIT)";
				GCC_C_LANGUAGE_STANDARD = gnu99;
				GCC_VERSION = com.apple.compilers.llvm.clang.1_0;
				GCC_WARN_64_TO_32_BIT_CONVERSION = YES;
				GCC_WARN_ABOUT_RETURN_TYPE = YES;
				GCC_WARN_UNUSED_VARIABLE = YES;
				MACOSX_DEPLOYMENT_TARGET = 10.6;
				SDKROOT = macosx;
			};
			name = Release;
		};
		37FA0536142784860010025C /* Debug */ = {
			isa = XCBuildConfiguration;
			buildSettings = {
				ALWAYS_SEARCH_USER_PATHS = NO;
				COPY_PHASE_STRIP = NO;
				GCC_DYNAMIC_NO_PIC = NO;
				GCC_ENABLE_OBJC_EXCEPTIONS = YES;
				GCC_ENABLE_OBJC_GC = required;
				GCC_PRECOMPILE_PREFIX_HEADER = YES;
				GCC_PREFIX_HEADER = "Footprints Statusbar/Footprints Statusbar-Prefix.pch";
				INFOPLIST_FILE = "Footprints Statusbar/Footprints Statusbar-Info.plist";
				MACOSX_DEPLOYMENT_TARGET = 10.5;
				PRODUCT_NAME = "$(TARGET_NAME)";
				WRAPPER_EXTENSION = app;
			};
			name = Debug;
		};
		37FA0537142784860010025C /* Release */ = {
			isa = XCBuildConfiguration;
			buildSettings = {
				ALWAYS_SEARCH_USER_PATHS = NO;
				COPY_PHASE_STRIP = YES;
				DEBUG_INFORMATION_FORMAT = "dwarf-with-dsym";
				GCC_ENABLE_OBJC_EXCEPTIONS = YES;
				GCC_ENABLE_OBJC_GC = required;
				GCC_PRECOMPILE_PREFIX_HEADER = YES;
				GCC_PREFIX_HEADER = "Footprints Statusbar/Footprints Statusbar-Prefix.pch";
				INFOPLIST_FILE = "Footprints Statusbar/Footprints Statusbar-Info.plist";
				MACOSX_DEPLOYMENT_TARGET = 10.5;
				PRODUCT_NAME = "$(TARGET_NAME)";
				WRAPPER_EXTENSION = app;
			};
			name = Release;
		};
		37FA0539142784860010025C /* Debug */ = {
			isa = XCBuildConfiguration;
			buildSettings = {
			};
			name = Debug;
		};
		37FA053A142784860010025C /* Release */ = {
			isa = XCBuildConfiguration;
			buildSettings = {
			};
			name = Release;
		};
/* End XCBuildConfiguration section */

/* Begin XCConfigurationList section */
		37FA0512142784850010025C /* Build configuration list for PBXProject "Footprints Statusbar" */ = {
			isa = XCConfigurationList;
			buildConfigurations = (
				37FA0533142784860010025C /* Debug */,
				37FA0534142784860010025C /* Release */,
			);
			defaultConfigurationIsVisible = 0;
			defaultConfigurationName = Release;
		};
		37FA0535142784860010025C /* Build configuration list for PBXNativeTarget "Footprints Statusbar" */ = {
			isa = XCConfigurationList;
			buildConfigurations = (
				37FA0536142784860010025C /* Debug */,
				37FA0537142784860010025C /* Release */,
			);
			defaultConfigurationIsVisible = 0;
			defaultConfigurationName = Release;
		};
		37FA0538142784860010025C /* Build configuration list for PBXLegacyTarget "Deployment" */ = {
			isa = XCConfigurationList;
			buildConfigurations = (
				37FA0539142784860010025C /* Debug */,
				37FA053A142784860010025C /* Release */,
			);
			defaultConfigurationIsVisible = 0;
			defaultConfigurationName = Release;
		};
/* End XCConfigurationList section */
	};
	rootObject = 37FA050F142784850010025C /* Project object */;
}
